
Microsoft Visual Studio Solution File, Format Version 12.00
# Visual Studio Version 16
VisualStudioVersion = 16.0.30621.155
MinimumVisualStudioVersion = 10.0.40219.1
Project("{FAE04EC0-301F-11D3-BF4B-00C04F79EFBC}") = "AtencionApi", "AtencionApi\AtencionApi.csproj", "{4CED7206-201B-40DB-86A8-B1432D136C97}"
EndProject
Global
	GlobalSection(SolutionConfigurationPlatforms) = preSolution
		Debug|Any CPU = Debug|Any CPU
		Release|Any CPU = Release|Any CPU
	EndGlobalSection
	GlobalSection(ProjectConfigurationPlatforms) = postSolution
		{4CED7206-201B-40DB-86A8-B1432D136C97}.Debug|Any CPU.ActiveCfg = Debug|Any CPU
		{4CED7206-201B-40DB-86A8-B1432D136C97}.Debug|Any CPU.Build.0 = Debug|Any CPU
		{4CED7206-201B-40DB-86A8-B1432D136C97}.Release|Any CPU.ActiveCfg = Release|Any CPU
		{4CED7206-201B-40DB-86A8-B1432D136C97}.Release|Any CPU.Build.0 = Release|Any CPU
	EndGlobalSection
	GlobalSection(SolutionProperties) = preSolution
		HideSolutionNode = FALSE
	EndGlobalSection
	GlobalSection(ExtensibilityGlobals) = postSolution
		SolutionGuid = {F6047ED0-F4C0-4D33-8033-85CC679AA365}
	EndGlobalSection
EndGlobal
